
Microsoft Visual Studio Solution File, Format Version 12.00
# Visual Studio 15
VisualStudioVersion = 15.0.28307.572
MinimumVisualStudioVersion = 10.0.40219.1
Project("{8BC9CEB8-8B4A-11D0-8D11-00A0C91BC942}") = "Infectious Desease", "Infectious Desease\Infectious Desease.vcxproj", "{E3A82278-FDA2-48F4-9B29-936FD6BBE489}"
EndProject
Project("{888888A0-9F3D-457C-B088-3A5042F75D52}") = "source", "source.pyproj", "{DEAE1FEC-8C30-4C15-8AA5-C3DBE07AD26C}"
EndProject
Global
	GlobalSection(SolutionConfigurationPlatforms) = preSolution
		Debug|Any CPU = Debug|Any CPU
		Debug|x64 = Debug|x64
		Debug|x86 = Debug|x86
		Release|Any CPU = Release|Any CPU
		Release|x64 = Release|x64
		Release|x86 = Release|x86
	EndGlobalSection
	GlobalSection(ProjectConfigurationPlatforms) = postSolution
		{E3A82278-FDA2-48F4-9B29-936FD6BBE489}.Debug|Any CPU.ActiveCfg = Debug|Win32
		{E3A82278-FDA2-48F4-9B29-936FD6BBE489}.Debug|x64.ActiveCfg = Debug|x64
		{E3A82278-FDA2-48F4-9B29-936FD6BBE489}.Debug|x64.Build.0 = Debug|x64
		{E3A82278-FDA2-48F4-9B29-936FD6BBE489}.Debug|x86.ActiveCfg = Debug|Win32
		{E3A82278-FDA2-48F4-9B29-936FD6BBE489}.Debug|x86.Build.0 = Debug|Win32
		{E3A82278-FDA2-48F4-9B29-936FD6BBE489}.Release|Any CPU.ActiveCfg = Release|Win32
		{E3A82278-FDA2-48F4-9B29-936FD6BBE489}.Release|x64.ActiveCfg = Release|x64
		{E3A82278-FDA2-48F4-9B29-936FD6BBE489}.Release|x64.Build.0 = Release|x64
		{E3A82278-FDA2-48F4-9B29-936FD6BBE489}.Release|x86.ActiveCfg = Release|Win32
		{E3A82278-FDA2-48F4-9B29-936FD6BBE489}.Release|x86.Build.0 = Release|Win32
		{DEAE1FEC-8C30-4C15-8AA5-C3DBE07AD26C}.Debug|Any CPU.ActiveCfg = Debug|Any CPU
		{DEAE1FEC-8C30-4C15-8AA5-C3DBE07AD26C}.Debug|x64.ActiveCfg = Debug|Any CPU
		{DEAE1FEC-8C30-4C15-8AA5-C3DBE07AD26C}.Debug|x86.ActiveCfg = Debug|Any CPU
		{DEAE1FEC-8C30-4C15-8AA5-C3DBE07AD26C}.Release|Any CPU.ActiveCfg = Release|Any CPU
		{DEAE1FEC-8C30-4C15-8AA5-C3DBE07AD26C}.Release|x64.ActiveCfg = Release|Any CPU
		{DEAE1FEC-8C30-4C15-8AA5-C3DBE07AD26C}.Release|x86.ActiveCfg = Release|Any CPU
	EndGlobalSection
	GlobalSection(SolutionProperties) = preSolution
		HideSolutionNode = FALSE
	EndGlobalSection
	GlobalSection(ExtensibilityGlobals) = postSolution
		SolutionGuid = {80F59BD5-08D8-4F17-8FC8-94F71F137E85}
	EndGlobalSection
EndGlobal
